
Microsoft Visual Studio Solution File, Format Version 12.00
# Visual Studio Version 17
VisualStudioVersion = 17.4.33205.214
MinimumVisualStudioVersion = 10.0.40219.1
Project("{FAE04EC0-301F-11D3-BF4B-00C04F79EFBC}") = "EventGuests", "EventGuests\EventGuests.csproj", "{771EF9C2-5291-44DD-B246-B419010CEDC4}"
EndProject
Project("{FAE04EC0-301F-11D3-BF4B-00C04F79EFBC}") = "EventHost", "EventHost\EventHost.csproj", "{C0C2AA38-7272-464F-91F8-9123AC74EC76}"
EndProject
Global
	GlobalSection(SolutionConfigurationPlatforms) = preSolution
		Debug|Any CPU = Debug|Any CPU
		Release|Any CPU = Release|Any CPU
	EndGlobalSection
	GlobalSection(ProjectConfigurationPlatforms) = postSolution
		{771EF9C2-5291-44DD-B246-B419010CEDC4}.Debug|Any CPU.ActiveCfg = Debug|Any CPU
		{771EF9C2-5291-44DD-B246-B419010CEDC4}.Debug|Any CPU.Build.0 = Debug|Any CPU
		{771EF9C2-5291-44DD-B246-B419010CEDC4}.Release|Any CPU.ActiveCfg = Release|Any CPU
		{771EF9C2-5291-44DD-B246-B419010CEDC4}.Release|Any CPU.Build.0 = Release|Any CPU
		{C0C2AA38-7272-464F-91F8-9123AC74EC76}.Debug|Any CPU.ActiveCfg = Debug|Any CPU
		{C0C2AA38-7272-464F-91F8-9123AC74EC76}.Debug|Any CPU.Build.0 = Debug|Any CPU
		{C0C2AA38-7272-464F-91F8-9123AC74EC76}.Release|Any CPU.ActiveCfg = Release|Any CPU
		{C0C2AA38-7272-464F-91F8-9123AC74EC76}.Release|Any CPU.Build.0 = Release|Any CPU
	EndGlobalSection
	GlobalSection(SolutionProperties) = preSolution
		HideSolutionNode = FALSE
	EndGlobalSection
	GlobalSection(ExtensibilityGlobals) = postSolution
		SolutionGuid = {C641090A-974F-4691-BB05-D60925302594}
	EndGlobalSection
EndGlobal
